
Microsoft Visual Studio Solution File, Format Version 12.00
# Visual Studio 14
VisualStudioVersion = 14.0.25123.0
MinimumVisualStudioVersion = 10.0.40219.1
Project("{51BFD47E-1743-488D-8901-4BABEB706C74}") = "Sitecore.Support.206324", "Sitecore.Support.206324\Sitecore.Support.206324.csproj", "{630C58AB-F27B-40B8-8C99-5DA3A8F9A100}"
EndProject
Global
	GlobalSection(SolutionConfigurationPlatforms) = preSolution
		Debug|Any CPU = Debug|Any CPU
		Release|Any CPU = Release|Any CPU
	EndGlobalSection
	GlobalSection(ProjectConfigurationPlatforms) = postSolution
		{630C58AB-F27B-40B8-8C99-5DA3A8F9A100}.Debug|Any CPU.ActiveCfg = Debug|Any CPU
		{630C58AB-F27B-40B8-8C99-5DA3A8F9A100}.Debug|Any CPU.Build.0 = Debug|Any CPU
		{630C58AB-F27B-40B8-8C99-5DA3A8F9A100}.Release|Any CPU.ActiveCfg = Release|Any CPU
		{630C58AB-F27B-40B8-8C99-5DA3A8F9A100}.Release|Any CPU.Build.0 = Release|Any CPU
	EndGlobalSection
	GlobalSection(SolutionProperties) = preSolution
		HideSolutionNode = FALSE
	EndGlobalSection
EndGlobal
